
Microsoft Visual Studio Solution File, Format Version 12.00
# Visual Studio 15
VisualStudioVersion = 15.0.28307.1259
MinimumVisualStudioVersion = 10.0.40219.1
Project("{FAE04EC0-301F-11D3-BF4B-00C04F79EFBC}") = "Employee", "Employee\Employee.csproj", "{A50B51FA-6DD4-49A5-872C-6E12B0C26FF9}"
EndProject
Global
	GlobalSection(SolutionConfigurationPlatforms) = preSolution
		Debug|Any CPU = Debug|Any CPU
		Release|Any CPU = Release|Any CPU
	EndGlobalSection
	GlobalSection(ProjectConfigurationPlatforms) = postSolution
		{A50B51FA-6DD4-49A5-872C-6E12B0C26FF9}.Debug|Any CPU.ActiveCfg = Debug|Any CPU
		{A50B51FA-6DD4-49A5-872C-6E12B0C26FF9}.Debug|Any CPU.Build.0 = Debug|Any CPU
		{A50B51FA-6DD4-49A5-872C-6E12B0C26FF9}.Release|Any CPU.ActiveCfg = Release|Any CPU
		{A50B51FA-6DD4-49A5-872C-6E12B0C26FF9}.Release|Any CPU.Build.0 = Release|Any CPU
	EndGlobalSection
	GlobalSection(SolutionProperties) = preSolution
		HideSolutionNode = FALSE
	EndGlobalSection
	GlobalSection(ExtensibilityGlobals) = postSolution
		SolutionGuid = {22C43FF3-E100-4E04-B377-4F3A5FD2C3EB}
	EndGlobalSection
EndGlobal
